lockfileVersion: '6.0'

settings:
  autoInstallPeers: true
  excludeLinksFromLockfile: false

dependencies:
  cli-table3:
    specifier: ^0.6.3
    version: 0.6.3
  console-stamp:
    specifier: ^3.1.2
    version: 3.1.2
  dotenv:
    specifier: ^16.1.4
    version: 16.3.1
  got:
    specifier: ^11.8.6
    version: 11.8.6
  got-fetch:
    specifier: ^4.0.4
    version: 4.0.4(got@11.8.6)
  socks-proxy-agent:
    specifier: ^8.0.2
    version: 8.0.2
  tough-cookie:
    specifier: ^4.1.3
    version: 4.1.3
  uuid:
    specifier: ^9.0.0
    version: 9.0.1
  ws:
    specifier: ^8.13.0
    version: 8.16.0

packages:

  /@colors/colors@1.5.0:
    resolution: {integrity: sha512-ooWCrlZP11i8GImSjTHYHLkvFDP48nS4+204nGb1RiX/WXYHmJA2III9/e2DWVabCESdW7hBAEzHRqUn9OUVvQ==, tarball: https://registry.npmmirror.com/@colors/colors/-/colors-1.5.0.tgz}
    engines: {node: '>=0.1.90'}
    requiresBuild: true
    dev: false
    optional: true

  /@sindresorhus/is@4.6.0:
    resolution: {integrity: sha512-t09vSN3MdfsyCHoFcTRCH/iUtG7OJ0CsjzB8cjAmKc/va/kIgeDI/TxsigdncE/4be734m0cvIYwNaV4i2XqAw==, tarball: https://registry.npmmirror.com/@sindresorhus/is/-/is-4.6.0.tgz}
    engines: {node: '>=10'}
    dev: false

  /@szmarczak/http-timer@4.0.6:
    resolution: {integrity: sha512-4BAffykYOgO+5nzBWYwE3W90sBgLJoUPRWWcL8wlyiM8IB8ipJz3UMJ9KXQd1RKQXpKp8Tutn80HZtWsu2u76w==, tarball: https://registry.npmmirror.com/@szmarczak/http-timer/-/http-timer-4.0.6.tgz}
    engines: {node: '>=10'}
    dependencies:
      defer-to-connect: 2.0.1
    dev: false

  /@types/cacheable-request@6.0.3:
    resolution: {integrity: sha512-IQ3EbTzGxIigb1I3qPZc1rWJnH0BmSKv5QYTalEwweFvyBDLSAe24zP0le/hyi7ecGfZVlIVAg4BZqb8WBwKqw==, tarball: https://registry.npmmirror.com/@types/cacheable-request/-/cacheable-request-6.0.3.tgz}
    dependencies:
      '@types/http-cache-semantics': 4.0.4
      '@types/keyv': 3.1.4
      '@types/node': 20.10.5
      '@types/responselike': 1.0.3
    dev: false

  /@types/http-cache-semantics@4.0.4:
    resolution: {integrity: sha512-1m0bIFVc7eJWyve9S0RnuRgcQqF/Xd5QsUZAZeQFr1Q3/p9JWoQQEqmVy+DPTNpGXwhgIetAoYF8JSc33q29QA==, tarball: https://registry.npmmirror.com/@types/http-cache-semantics/-/http-cache-semantics-4.0.4.tgz}
    dev: false

  /@types/keyv@3.1.4:
    resolution: {integrity: sha512-BQ5aZNSCpj7D6K2ksrRCTmKRLEpnPvWDiLPfoGyhZ++8YtiK9d/3DBKPJgry359X/P1PfruyYwvnvwFjuEiEIg==, tarball: https://registry.npmmirror.com/@types/keyv/-/keyv-3.1.4.tgz}
    dependencies:
      '@types/node': 20.10.5
    dev: false

  /@types/node@20.10.5:
    resolution: {integrity: sha512-nNPsNE65wjMxEKI93yOP+NPGGBJz/PoN3kZsVLee0XMiJolxSekEVD8wRwBUBqkwc7UWop0edW50yrCQW4CyRw==, tarball: https://registry.npmmirror.com/@types/node/-/node-20.10.5.tgz}
    dependencies:
      undici-types: 5.26.5
    dev: false

  /@types/responselike@1.0.3:
    resolution: {integrity: sha512-H/+L+UkTV33uf49PH5pCAUBVPNj2nDBXTN+qS1dOwyyg24l3CcicicCA7ca+HMvJBZcFgl5r8e+RR6elsb4Lyw==, tarball: https://registry.npmmirror.com/@types/responselike/-/responselike-1.0.3.tgz}
    dependencies:
      '@types/node': 20.10.5
    dev: false

  /agent-base@7.1.0:
    resolution: {integrity: sha512-o/zjMZRhJxny7OyEF+Op8X+efiELC7k7yOjMzgfzVqOzXqkBkWI79YoTdOtsuWd5BWhAGAuOY/Xa6xpiaWXiNg==, tarball: https://registry.npmmirror.com/agent-base/-/agent-base-7.1.0.tgz}
    engines: {node: '>= 14'}
    dependencies:
      debug: 4.3.4
    transitivePeerDependencies:
      - supports-color
    dev: false

  /ansi-regex@5.0.1:
    resolution: {integrity: sha512-quJQXlTSUGL2LH9SUXo8VwsY4soanhgo6LNSm84E1LBcE8s3O0wpdiRzyR9z/ZZJMlMWv37qOOb9pdJlMUEKFQ==, tarball: https://registry.npmmirror.com/ansi-regex/-/ansi-regex-5.0.1.tgz}
    engines: {node: '>=8'}
    dev: false

  /ansi-styles@4.3.0:
    resolution: {integrity: sha512-zbB9rCJAT1rbjiVDb2hqKFHNYLxgtk8NURxZ3IZwD3F6NtxbXZQCnnSi1Lkx+IDohdPlFp222wVALIheZJQSEg==, tarball: https://registry.npmmirror.com/ansi-styles/-/ansi-styles-4.3.0.tgz}
    engines: {node: '>=8'}
    dependencies:
      color-convert: 2.0.1
    dev: false

  /cacheable-lookup@5.0.4:
    resolution: {integrity: sha512-2/kNscPhpcxrOigMZzbiWF7dz8ilhb/nIHU3EyZiXWXpeq/au8qJ8VhdftMkty3n7Gj6HIGalQG8oiBNB3AJgA==, tarball: https://registry.npmmirror.com/cacheable-lookup/-/cacheable-lookup-5.0.4.tgz}
    engines: {node: '>=10.6.0'}
    dev: false

  /cacheable-request@7.0.4:
    resolution: {integrity: sha512-v+p6ongsrp0yTGbJXjgxPow2+DL93DASP4kXCDKb8/bwRtt9OEF3whggkkDkGNzgcWy2XaF4a8nZglC7uElscg==, tarball: https://registry.npmmirror.com/cacheable-request/-/cacheable-request-7.0.4.tgz}
    engines: {node: '>=8'}
    dependencies:
      clone-response: 1.0.3
      get-stream: 5.2.0
      http-cache-semantics: 4.1.1
      keyv: 4.5.4
      lowercase-keys: 2.0.0
      normalize-url: 6.1.0
      responselike: 2.0.1
    dev: false

  /chalk@4.1.2:
    resolution: {integrity: sha512-oKnbhFyRIXpUuez8iBMmyEa4nbj4IOQyuhc/wy9kY7/WVPcwIO9VA668Pu8RkO7+0G76SLROeyw9CpQ061i4mA==, tarball: https://registry.npmmirror.com/chalk/-/chalk-4.1.2.tgz}
    engines: {node: '>=10'}
    dependencies:
      ansi-styles: 4.3.0
      supports-color: 7.2.0
    dev: false

  /cli-table3@0.6.3:
    resolution: {integrity: sha512-w5Jac5SykAeZJKntOxJCrm63Eg5/4dhMWIcuTbo9rpE+brgaSZo0RuNJZeOyMgsUdhDeojvgyQLmjI+K50ZGyg==, tarball: https://registry.npmmirror.com/cli-table3/-/cli-table3-0.6.3.tgz}
    engines: {node: 10.* || >= 12.*}
    dependencies:
      string-width: 4.2.3
    optionalDependencies:
      '@colors/colors': 1.5.0
    dev: false

  /clone-response@1.0.3:
    resolution: {integrity: sha512-ROoL94jJH2dUVML2Y/5PEDNaSHgeOdSDicUyS7izcF63G6sTc/FTjLub4b8Il9S8S0beOfYt0TaA5qvFK+w0wA==, tarball: https://registry.npmmirror.com/clone-response/-/clone-response-1.0.3.tgz}
    dependencies:
      mimic-response: 1.0.1
    dev: false

  /color-convert@2.0.1:
    resolution: {integrity: sha512-RRECPsj7iu/xb5oKYcsFHSppFNnsj/52OVTRKb4zP5onXwVF3zVmmToNcOfGC+CRDpfK/U584fMg38ZHCaElKQ==, tarball: https://registry.npmmirror.com/color-convert/-/color-convert-2.0.1.tgz}
    engines: {node: '>=7.0.0'}
    dependencies:
      color-name: 1.1.4
    dev: false

  /color-name@1.1.4:
    resolution: {integrity: sha512-dOy+3AuW3a2wNbZHIuMZpTcgjGuLU/uBL/ubcZF9OXbDo8ff4O8yVp5Bf0efS8uEoYo5q4Fx7dY9OgQGXgAsQA==, tarball: https://registry.npmmirror.com/color-name/-/color-name-1.1.4.tgz}
    dev: false

  /console-stamp@3.1.2:
    resolution: {integrity: sha512-ab66x3NxOTxPuq71dI6gXEiw2X6ql4Le5gZz0bm7FW3FSCB00eztra/oQUuCoCGlsyKOxtULnHwphzMrRtzMBg==, tarball: https://registry.npmmirror.com/console-stamp/-/console-stamp-3.1.2.tgz}
    engines: {node: '>=12'}
    dependencies:
      chalk: 4.1.2
      dateformat: 4.6.3
    dev: false

  /dateformat@4.6.3:
    resolution: {integrity: sha512-2P0p0pFGzHS5EMnhdxQi7aJN+iMheud0UhG4dlE1DLAlvL8JHjJJTX/CSm4JXwV0Ka5nGk3zC5mcb5bUQUxxMA==, tarball: https://registry.npmmirror.com/dateformat/-/dateformat-4.6.3.tgz}
    dev: false

  /debug@4.3.4:
    resolution: {integrity: sha512-PRWFHuSU3eDtQJPvnNY7Jcket1j0t5OuOsFzPPzsekD52Zl8qUfFIPEiswXqIvHWGVHOgX+7G/vCNNhehwxfkQ==, tarball: https://registry.npmmirror.com/debug/-/debug-4.3.4.tgz}
    engines: {node: '>=6.0'}
    peerDependencies:
      supports-color: '*'
    peerDependenciesMeta:
      supports-color:
        optional: true
    dependencies:
      ms: 2.1.2
    dev: false

  /decompress-response@6.0.0:
    resolution: {integrity: sha512-aW35yZM6Bb/4oJlZncMH2LCoZtJXTRxES17vE3hoRiowU2kWHaJKFkSBDnDR+cm9J+9QhXmREyIfv0pji9ejCQ==, tarball: https://registry.npmmirror.com/decompress-response/-/decompress-response-6.0.0.tgz}
    engines: {node: '>=10'}
    dependencies:
      mimic-response: 3.1.0
    dev: false

  /defer-to-connect@2.0.1:
    resolution: {integrity: sha512-4tvttepXG1VaYGrRibk5EwJd1t4udunSOVMdLSAL6mId1ix438oPwPZMALY41FCijukO1L0twNcGsdzS7dHgDg==, tarball: https://registry.npmmirror.com/defer-to-connect/-/defer-to-connect-2.0.1.tgz}
    engines: {node: '>=10'}
    dev: false

  /dotenv@16.3.1:
    resolution: {integrity: sha512-IPzF4w4/Rd94bA9imS68tZBaYyBWSCE47V1RGuMrB94iyTOIEwRmVL2x/4An+6mETpLrKJ5hQkB8W4kFAadeIQ==, tarball: https://registry.npmmirror.com/dotenv/-/dotenv-16.3.1.tgz}
    engines: {node: '>=12'}
    dev: false

  /emoji-regex@8.0.0:
    resolution: {integrity: sha512-MSjYzcWNOA0ewAHpz0MxpYFvwg6yjy1NG3xteoqz644VCo/RPgnr1/GGt+ic3iJTzQ8Eu3TdM14SawnVUmGE6A==, tarball: https://registry.npmmirror.com/emoji-regex/-/emoji-regex-8.0.0.tgz}
    dev: false

  /end-of-stream@1.4.4:
    resolution: {integrity: sha512-+uw1inIHVPQoaVuHzRyXd21icM+cnt4CzD5rW+NC1wjOUSTOs+Te7FOv7AhN7vS9x/oIyhLP5PR1H+phQAHu5Q==, tarball: https://registry.npmmirror.com/end-of-stream/-/end-of-stream-1.4.4.tgz}
    dependencies:
      once: 1.4.0
    dev: false

  /get-stream@5.2.0:
    resolution: {integrity: sha512-nBF+F1rAZVCu/p7rjzgA+Yb4lfYXrpl7a6VmJrU8wF9I1CKvP/QwPNZHnOlwbTkY6dvtFIzFMSyQXbLoTQPRpA==, tarball: https://registry.npmmirror.com/get-stream/-/get-stream-5.2.0.tgz}
    engines: {node: '>=8'}
    dependencies:
      pump: 3.0.0
    dev: false

  /got-fetch@4.0.4(got@11.8.6):
    resolution: {integrity: sha512-slsMQDfYvUECkJVROdqpE9mC91N7IbbdfKOBt9K7/E+YLfxX4qL2AWFKWS2MyEbX4eawgx78/zJANyY+gOfCwg==, tarball: https://registry.npmmirror.com/got-fetch/-/got-fetch-4.0.4.tgz}
    engines: {node: '>=14.0.0'}
    peerDependencies:
      got: ^11.0.0
    dependencies:
      got: 11.8.6
      tslib: 2.6.2
    dev: false

  /got@11.8.6:
    resolution: {integrity: sha512-6tfZ91bOr7bOXnK7PRDCGBLa1H4U080YHNaAQ2KsMGlLEzRbk44nsZF2E1IeRc3vtJHPVbKCYgdFbaGO2ljd8g==, tarball: https://registry.npmmirror.com/got/-/got-11.8.6.tgz}
    engines: {node: '>=10.19.0'}
    dependencies:
      '@sindresorhus/is': 4.6.0
      '@szmarczak/http-timer': 4.0.6
      '@types/cacheable-request': 6.0.3
      '@types/responselike': 1.0.3
      cacheable-lookup: 5.0.4
      cacheable-request: 7.0.4
      decompress-response: 6.0.0
      http2-wrapper: 1.0.3
      lowercase-keys: 2.0.0
      p-cancelable: 2.1.1
      responselike: 2.0.1
    dev: false

  /has-flag@4.0.0:
    resolution: {integrity: sha512-EykJT/Q1KjTWctppgIAgfSO0tKVuZUjhgMr17kqTumMl6Afv3EISleU7qZUzoXDFTAHTDC4NOoG/ZxU3EvlMPQ==, tarball: https://registry.npmmirror.com/has-flag/-/has-flag-4.0.0.tgz}
    engines: {node: '>=8'}
    dev: false

  /http-cache-semantics@4.1.1:
    resolution: {integrity: sha512-er295DKPVsV82j5kw1Gjt+ADA/XYHsajl82cGNQG2eyoPkvgUhX+nDIyelzhIWbbsXP39EHcI6l5tYs2FYqYXQ==, tarball: https://registry.npmmirror.com/http-cache-semantics/-/http-cache-semantics-4.1.1.tgz}
    dev: false

  /http2-wrapper@1.0.3:
    resolution: {integrity: sha512-V+23sDMr12Wnz7iTcDeJr3O6AIxlnvT/bmaAAAP/Xda35C90p9599p0F1eHR/N1KILWSoWVAiOMFjBBXaXSMxg==, tarball: https://registry.npmmirror.com/http2-wrapper/-/http2-wrapper-1.0.3.tgz}
    engines: {node: '>=10.19.0'}
    dependencies:
      quick-lru: 5.1.1
      resolve-alpn: 1.2.1
    dev: false

  /ip@2.0.0:
    resolution: {integrity: sha512-WKa+XuLG1A1R0UWhl2+1XQSi+fZWMsYKffMZTTYsiZaUD8k2yDAj5atimTUD2TZkyCkNEeYE5NhFZmupOGtjYQ==, tarball: https://registry.npmmirror.com/ip/-/ip-2.0.0.tgz}
    dev: false

  /is-fullwidth-code-point@3.0.0:
    resolution: {integrity: sha512-zymm5+u+sCsSWyD9qNaejV3DFvhCKclKdizYaJUuHA83RLjb7nSuGnddCHGv0hk+KY7BMAlsWeK4Ueg6EV6XQg==, tarball: https://registry.npmmirror.com/is-fullwidth-code-point/-/is-fullwidth-code-point-3.0.0.tgz}
    engines: {node: '>=8'}
    dev: false

  /json-buffer@3.0.1:
    resolution: {integrity: sha512-4bV5BfR2mqfQTJm+V5tPPdf+ZpuhiIvTuAB5g8kcrXOZpTT/QwwVRWBywX1ozr6lEuPdbHxwaJlm9G6mI2sfSQ==, tarball: https://registry.npmmirror.com/json-buffer/-/json-buffer-3.0.1.tgz}
    dev: false

  /keyv@4.5.4:
    resolution: {integrity: sha512-oxVHkHR/EJf2CNXnWxRLW6mg7JyCCUcG0DtEGmL2ctUo1PNTin1PUil+r/+4r5MpVgC/fn1kjsx7mjSujKqIpw==, tarball: https://registry.npmmirror.com/keyv/-/keyv-4.5.4.tgz}
    dependencies:
      json-buffer: 3.0.1
    dev: false

  /lowercase-keys@2.0.0:
    resolution: {integrity: sha512-tqNXrS78oMOE73NMxK4EMLQsQowWf8jKooH9g7xPavRT706R6bkQJ6DY2Te7QukaZsulxa30wQ7bk0pm4XiHmA==, tarball: https://registry.npmmirror.com/lowercase-keys/-/lowercase-keys-2.0.0.tgz}
    engines: {node: '>=8'}
    dev: false

  /mimic-response@1.0.1:
    resolution: {integrity: sha512-j5EctnkH7amfV/q5Hgmoal1g2QHFJRraOtmx0JpIqkxhBhI/lJSl1nMpQ45hVarwNETOoWEimndZ4QK0RHxuxQ==, tarball: https://registry.npmmirror.com/mimic-response/-/mimic-response-1.0.1.tgz}
    engines: {node: '>=4'}
    dev: false

  /mimic-response@3.1.0:
    resolution: {integrity: sha512-z0yWI+4FDrrweS8Zmt4Ej5HdJmky15+L2e6Wgn3+iK5fWzb6T3fhNFq2+MeTRb064c6Wr4N/wv0DzQTjNzHNGQ==, tarball: https://registry.npmmirror.com/mimic-response/-/mimic-response-3.1.0.tgz}
    engines: {node: '>=10'}
    dev: false

  /ms@2.1.2:
    resolution: {integrity: sha512-sGkPx+VjMtmA6MX27oA4FBFELFCZZ4S4XqeGOXCv68tT+jb3vk/RyaKWP0PTKyWtmLSM0b+adUTEvbs1PEaH2w==, tarball: https://registry.npmmirror.com/ms/-/ms-2.1.2.tgz}
    dev: false

  /normalize-url@6.1.0:
    resolution: {integrity: sha512-DlL+XwOy3NxAQ8xuC0okPgK46iuVNAK01YN7RueYBqqFeGsBjV9XmCAzAdgt+667bCl5kPh9EqKKDwnaPG1I7A==, tarball: https://registry.npmmirror.com/normalize-url/-/normalize-url-6.1.0.tgz}
    engines: {node: '>=10'}
    dev: false

  /once@1.4.0:
    resolution: {integrity: sha512-lNaJgI+2Q5URQBkccEKHTQOPaXdUxnZZElQTZY0MFUAuaEqe1E+Nyvgdz/aIyNi6Z9MzO5dv1H8n58/GELp3+w==, tarball: https://registry.npmmirror.com/once/-/once-1.4.0.tgz}
    dependencies:
      wrappy: 1.0.2
    dev: false

  /p-cancelable@2.1.1:
    resolution: {integrity: sha512-BZOr3nRQHOntUjTrH8+Lh54smKHoHyur8We1V8DSMVrl5A2malOOwuJRnKRDjSnkoeBh4at6BwEnb5I7Jl31wg==, tarball: https://registry.npmmirror.com/p-cancelable/-/p-cancelable-2.1.1.tgz}
    engines: {node: '>=8'}
    dev: false

  /psl@1.9.0:
    resolution: {integrity: sha512-E/ZsdU4HLs/68gYzgGTkMicWTLPdAftJLfJFlLUAAKZGkStNU72sZjT66SnMDVOfOWY/YAoiD7Jxa9iHvngcag==, tarball: https://registry.npmmirror.com/psl/-/psl-1.9.0.tgz}
    dev: false

  /pump@3.0.0:
    resolution: {integrity: sha512-LwZy+p3SFs1Pytd/jYct4wpv49HiYCqd9Rlc5ZVdk0V+8Yzv6jR5Blk3TRmPL1ft69TxP0IMZGJ+WPFU2BFhww==, tarball: https://registry.npmmirror.com/pump/-/pump-3.0.0.tgz}
    dependencies:
      end-of-stream: 1.4.4
      once: 1.4.0
    dev: false

  /punycode@2.3.1:
    resolution: {integrity: sha512-vYt7UD1U9Wg6138shLtLOvdAu+8DsC/ilFtEVHcH+wydcSpNE20AfSOduf6MkRFahL5FY7X1oU7nKVZFtfq8Fg==, tarball: https://registry.npmmirror.com/punycode/-/punycode-2.3.1.tgz}
    engines: {node: '>=6'}
    dev: false

  /querystringify@2.2.0:
    resolution: {integrity: sha512-FIqgj2EUvTa7R50u0rGsyTftzjYmv/a3hO345bZNrqabNqjtgiDMgmo4mkUjd+nzU5oF3dClKqFIPUKybUyqoQ==, tarball: https://registry.npmmirror.com/querystringify/-/querystringify-2.2.0.tgz}
    dev: false

  /quick-lru@5.1.1:
    resolution: {integrity: sha512-WuyALRjWPDGtt/wzJiadO5AXY+8hZ80hVpe6MyivgraREW751X3SbhRvG3eLKOYN+8VEvqLcf3wdnt44Z4S4SA==, tarball: https://registry.npmmirror.com/quick-lru/-/quick-lru-5.1.1.tgz}
    engines: {node: '>=10'}
    dev: false

  /requires-port@1.0.0:
    resolution: {integrity: sha512-KigOCHcocU3XODJxsu8i/j8T9tzT4adHiecwORRQ0ZZFcp7ahwXuRU1m+yuO90C5ZUyGeGfocHDI14M3L3yDAQ==, tarball: https://registry.npmmirror.com/requires-port/-/requires-port-1.0.0.tgz}
    dev: false

  /resolve-alpn@1.2.1:
    resolution: {integrity: sha512-0a1F4l73/ZFZOakJnQ3FvkJ2+gSTQWz/r2KE5OdDY0TxPm5h4GkqkWWfM47T7HsbnOtcJVEF4epCVy6u7Q3K+g==, tarball: https://registry.npmmirror.com/resolve-alpn/-/resolve-alpn-1.2.1.tgz}
    dev: false

  /responselike@2.0.1:
    resolution: {integrity: sha512-4gl03wn3hj1HP3yzgdI7d3lCkF95F21Pz4BPGvKHinyQzALR5CapwC8yIi0Rh58DEMQ/SguC03wFj2k0M/mHhw==, tarball: https://registry.npmmirror.com/responselike/-/responselike-2.0.1.tgz}
    dependencies:
      lowercase-keys: 2.0.0
    dev: false

  /smart-buffer@4.2.0:
    resolution: {integrity: sha512-94hK0Hh8rPqQl2xXc3HsaBoOXKV20MToPkcXvwbISWLEs+64sBq5kFgn2kJDHb1Pry9yrP0dxrCI9RRci7RXKg==, tarball: https://registry.npmmirror.com/smart-buffer/-/smart-buffer-4.2.0.tgz}
    engines: {node: '>= 6.0.0', npm: '>= 3.0.0'}
    dev: false

  /socks-proxy-agent@8.0.2:
    resolution: {integrity: sha512-8zuqoLv1aP/66PHF5TqwJ7Czm3Yv32urJQHrVyhD7mmA6d61Zv8cIXQYPTWwmg6qlupnPvs/QKDmfa4P/qct2g==, tarball: https://registry.npmmirror.com/socks-proxy-agent/-/socks-proxy-agent-8.0.2.tgz}
    engines: {node: '>= 14'}
    dependencies:
      agent-base: 7.1.0
      debug: 4.3.4
      socks: 2.7.1
    transitivePeerDependencies:
      - supports-color
    dev: false

  /socks@2.7.1:
    resolution: {integrity: sha512-7maUZy1N7uo6+WVEX6psASxtNlKaNVMlGQKkG/63nEDdLOWNbiUMoLK7X4uYoLhQstau72mLgfEWcXcwsaHbYQ==, tarball: https://registry.npmmirror.com/socks/-/socks-2.7.1.tgz}
    engines: {node: '>= 10.13.0', npm: '>= 3.0.0'}
    dependencies:
      ip: 2.0.0
      smart-buffer: 4.2.0
    dev: false

  /string-width@4.2.3:
    resolution: {integrity: sha512-wKyQRQpjJ0sIp62ErSZdGsjMJWsap5oRNihHhu6G7JVO/9jIB6UyevL+tXuOqrng8j/cxKTWyWUwvSTriiZz/g==, tarball: https://registry.npmmirror.com/string-width/-/string-width-4.2.3.tgz}
    engines: {node: '>=8'}
    dependencies:
      emoji-regex: 8.0.0
      is-fullwidth-code-point: 3.0.0
      strip-ansi: 6.0.1
    dev: false

  /strip-ansi@6.0.1:
    resolution: {integrity: sha512-Y38VPSHcqkFrCpFnQ9vuSXmquuv5oXOKpGeT6aGrr3o3Gc9AlVa6JBfUSOCnbxGGZF+/0ooI7KrPuUSztUdU5A==, tarball: https://registry.npmmirror.com/strip-ansi/-/strip-ansi-6.0.1.tgz}
    engines: {node: '>=8'}
    dependencies:
      ansi-regex: 5.0.1
    dev: false

  /supports-color@7.2.0:
    resolution: {integrity: sha512-qpCAvRl9stuOHveKsn7HncJRvv501qIacKzQlO/+Lwxc9+0q2wLyv4Dfvt80/DPn2pqOBsJdDiogXGR9+OvwRw==, tarball: https://registry.npmmirror.com/supports-color/-/supports-color-7.2.0.tgz}
    engines: {node: '>=8'}
    dependencies:
      has-flag: 4.0.0
    dev: false

  /tough-cookie@4.1.3:
    resolution: {integrity: sha512-aX/y5pVRkfRnfmuX+OdbSdXvPe6ieKX/G2s7e98f4poJHnqH3281gDPm/metm6E/WRamfx7WC4HUqkWHfQHprw==, tarball: https://registry.npmmirror.com/tough-cookie/-/tough-cookie-4.1.3.tgz}
    engines: {node: '>=6'}
    dependencies:
      psl: 1.9.0
      punycode: 2.3.1
      universalify: 0.2.0
      url-parse: 1.5.10
    dev: false

  /tslib@2.6.2:
    resolution: {integrity: sha512-AEYxH93jGFPn/a2iVAwW87VuUIkR1FVUKB77NwMF7nBTDkDrrT/Hpt/IrCJ0QXhW27jTBDcf5ZY7w6RiqTMw2Q==, tarball: https://registry.npmmirror.com/tslib/-/tslib-2.6.2.tgz}
    dev: false

  /undici-types@5.26.5:
    resolution: {integrity: sha512-JlCMO+ehdEIKqlFxk6IfVoAUVmgz7cU7zD/h9XZ0qzeosSHmUJVOzSQvvYSYWXkFXC+IfLKSIffhv0sVZup6pA==, tarball: https://registry.npmmirror.com/undici-types/-/undici-types-5.26.5.tgz}
    dev: false

  /universalify@0.2.0:
    resolution: {integrity: sha512-CJ1QgKmNg3CwvAv/kOFmtnEN05f0D/cn9QntgNOQlQF9dgvVTHj3t+8JPdjqawCHk7V/KA+fbUqzZ9XWhcqPUg==, tarball: https://registry.npmmirror.com/universalify/-/universalify-0.2.0.tgz}
    engines: {node: '>= 4.0.0'}
    dev: false

  /url-parse@1.5.10:
    resolution: {integrity: sha512-WypcfiRhfeUP9vvF0j6rw0J3hrWrw6iZv3+22h6iRMJ/8z1Tj6XfLP4DsUix5MhMPnXpiHDoKyoZ/bdCkwBCiQ==, tarball: https://registry.npmmirror.com/url-parse/-/url-parse-1.5.10.tgz}
    dependencies:
      querystringify: 2.2.0
      requires-port: 1.0.0
    dev: false

  /uuid@9.0.1:
    resolution: {integrity: sha512-b+1eJOlsR9K8HJpow9Ok3fiWOWSIcIzXodvv0rQjVoOVNpWMpxf1wZNpt4y9h10odCNrqnYp1OBzRktckBe3sA==, tarball: https://registry.npmmirror.com/uuid/-/uuid-9.0.1.tgz}
    hasBin: true
    dev: false

  /wrappy@1.0.2:
    resolution: {integrity: sha512-l4Sp/DRseor9wL6EvV2+TuQn63dMkPjZ/sp9XkghTEbV9KlPS1xUsZ3u7/IQO4wxtcFB4bgpQPRcR3QCvezPcQ==, tarball: https://registry.npmmirror.com/wrappy/-/wrappy-1.0.2.tgz}
    dev: false

  /ws@8.16.0:
    resolution: {integrity: sha512-HS0c//TP7Ina87TfiPUz1rQzMhHrl/SG2guqRcTOIUYD2q8uhUdNHZYJUaQ8aTGPzCh+c6oawMKW35nFl1dxyQ==, tarball: https://registry.npmmirror.com/ws/-/ws-8.16.0.tgz}
    engines: {node: '>=10.0.0'}
    peerDependencies:
      bufferutil: ^4.0.1
      utf-8-validate: '>=5.0.2'
    peerDependenciesMeta:
      bufferutil:
        optional: true
      utf-8-validate:
        optional: true
    dev: false
